
Microsoft Visual Studio Solution File, Format Version 12.00
# Visual Studio Version 16
VisualStudioVersion = 16.0.30406.217
MinimumVisualStudioVersion = 10.0.40219.1
Project("{FAE04EC0-301F-11D3-BF4B-00C04F79EFBC}") = "WebAPI", "WebAPI\WebAPI.csproj", "{4681EC3A-937E-492F-AD78-A2546CFD78DA}"
EndProject
Project("{FAE04EC0-301F-11D3-BF4B-00C04F79EFBC}") = "Core", "Core\Core.csproj", "{9BFBE9A1-B65D-4829-9981-52ACF131CD11}"
EndProject
Project("{FAE04EC0-301F-11D3-BF4B-00C04F79EFBC}") = "WebUI", "WebUI\WebUI.csproj", "{CAD471A1-484C-42B2-B56C-6BA47571690B}"
EndProject
Project("{FAE04EC0-301F-11D3-BF4B-00C04F79EFBC}") = "webapiTest", "webapiTest\webapiTest.csproj", "{9D270431-5B08-49FF-8147-03A387282A8E}"
EndProject
Global
	GlobalSection(SolutionConfigurationPlatforms) = preSolution
		Debug|Any CPU = Debug|Any CPU
		Release|Any CPU = Release|Any CPU
	EndGlobalSection
	GlobalSection(ProjectConfigurationPlatforms) = postSolution
		{4681EC3A-937E-492F-AD78-A2546CFD78DA}.Debug|Any CPU.ActiveCfg = Debug|Any CPU
		{4681EC3A-937E-492F-AD78-A2546CFD78DA}.Debug|Any CPU.Build.0 = Debug|Any CPU
		{4681EC3A-937E-492F-AD78-A2546CFD78DA}.Release|Any CPU.ActiveCfg = Release|Any CPU
		{4681EC3A-937E-492F-AD78-A2546CFD78DA}.Release|Any CPU.Build.0 = Release|Any CPU
		{9BFBE9A1-B65D-4829-9981-52ACF131CD11}.Debug|Any CPU.ActiveCfg = Debug|Any CPU
		{9BFBE9A1-B65D-4829-9981-52ACF131CD11}.Debug|Any CPU.Build.0 = Debug|Any CPU
		{9BFBE9A1-B65D-4829-9981-52ACF131CD11}.Release|Any CPU.ActiveCfg = Release|Any CPU
		{9BFBE9A1-B65D-4829-9981-52ACF131CD11}.Release|Any CPU.Build.0 = Release|Any CPU
		{CAD471A1-484C-42B2-B56C-6BA47571690B}.Debug|Any CPU.ActiveCfg = Debug|Any CPU
		{CAD471A1-484C-42B2-B56C-6BA47571690B}.Debug|Any CPU.Build.0 = Debug|Any CPU
		{CAD471A1-484C-42B2-B56C-6BA47571690B}.Release|Any CPU.ActiveCfg = Release|Any CPU
		{CAD471A1-484C-42B2-B56C-6BA47571690B}.Release|Any CPU.Build.0 = Release|Any CPU
		{9D270431-5B08-49FF-8147-03A387282A8E}.Debug|Any CPU.ActiveCfg = Debug|Any CPU
		{9D270431-5B08-49FF-8147-03A387282A8E}.Debug|Any CPU.Build.0 = Debug|Any CPU
		{9D270431-5B08-49FF-8147-03A387282A8E}.Release|Any CPU.ActiveCfg = Release|Any CPU
		{9D270431-5B08-49FF-8147-03A387282A8E}.Release|Any CPU.Build.0 = Release|Any CPU
	EndGlobalSection
	GlobalSection(SolutionProperties) = preSolution
		HideSolutionNode = FALSE
	EndGlobalSection
	GlobalSection(ExtensibilityGlobals) = postSolution
		SolutionGuid = {25081112-8895-42DC-B912-7A2888B9E47C}
	EndGlobalSection
EndGlobal
